
Microsoft Visual Studio Solution File, Format Version 12.00
# Visual Studio Version 17
VisualStudioVersion = 17.3.32819.101
MinimumVisualStudioVersion = 10.0.40219.1
Project("{9A19103F-16F7-4668-BE54-9A1E7A4F7556}") = "Clase04Sobrecarga", "Clase04Sobrecarga.csproj", "{EA1F9C6E-5CFA-4419-8CE7-C8DA932C52D2}"
EndProject
Project("{9A19103F-16F7-4668-BE54-9A1E7A4F7556}") = "I01Sumador", "..\I01Sumador\I01Sumador.csproj", "{3E04689E-89F4-4FB8-9CEE-CB3A7C4399C6}"
EndProject
Project("{9A19103F-16F7-4668-BE54-9A1E7A4F7556}") = "I02Cotizador", "..\I02Cotizador\I02Cotizador.csproj", "{1371394A-501A-49ED-BAF8-70D391F27D10}"
EndProject
Project("{9A19103F-16F7-4668-BE54-9A1E7A4F7556}") = "C02Estantería", "..\C02Estantería\C02Estantería.csproj", "{C6CB229B-3B2E-4765-8EF6-A0A335B2667F}"
EndProject
Project("{FAE04EC0-301F-11D3-BF4B-00C04F79EFBC}") = "C01ConversorBinario", "..\C01ConversorBinario\C01ConversorBinario.csproj", "{6D2EFBFC-4C86-40E0-96CA-303FA5DC140C}"
EndProject
Global
	GlobalSection(SolutionConfigurationPlatforms) = preSolution
		Debug|Any CPU = Debug|Any CPU
		Release|Any CPU = Release|Any CPU
	EndGlobalSection
	GlobalSection(ProjectConfigurationPlatforms) = postSolution
		{EA1F9C6E-5CFA-4419-8CE7-C8DA932C52D2}.Debug|Any CPU.ActiveCfg = Debug|Any CPU
		{EA1F9C6E-5CFA-4419-8CE7-C8DA932C52D2}.Debug|Any CPU.Build.0 = Debug|Any CPU
		{EA1F9C6E-5CFA-4419-8CE7-C8DA932C52D2}.Release|Any CPU.ActiveCfg = Release|Any CPU
		{EA1F9C6E-5CFA-4419-8CE7-C8DA932C52D2}.Release|Any CPU.Build.0 = Release|Any CPU
		{3E04689E-89F4-4FB8-9CEE-CB3A7C4399C6}.Debug|Any CPU.ActiveCfg = Debug|Any CPU
		{3E04689E-89F4-4FB8-9CEE-CB3A7C4399C6}.Debug|Any CPU.Build.0 = Debug|Any CPU
		{3E04689E-89F4-4FB8-9CEE-CB3A7C4399C6}.Release|Any CPU.ActiveCfg = Release|Any CPU
		{3E04689E-89F4-4FB8-9CEE-CB3A7C4399C6}.Release|Any CPU.Build.0 = Release|Any CPU
		{1371394A-501A-49ED-BAF8-70D391F27D10}.Debug|Any CPU.ActiveCfg = Debug|Any CPU
		{1371394A-501A-49ED-BAF8-70D391F27D10}.Debug|Any CPU.Build.0 = Debug|Any CPU
		{1371394A-501A-49ED-BAF8-70D391F27D10}.Release|Any CPU.ActiveCfg = Release|Any CPU
		{1371394A-501A-49ED-BAF8-70D391F27D10}.Release|Any CPU.Build.0 = Release|Any CPU
		{C6CB229B-3B2E-4765-8EF6-A0A335B2667F}.Debug|Any CPU.ActiveCfg = Debug|Any CPU
		{C6CB229B-3B2E-4765-8EF6-A0A335B2667F}.Debug|Any CPU.Build.0 = Debug|Any CPU
		{C6CB229B-3B2E-4765-8EF6-A0A335B2667F}.Release|Any CPU.ActiveCfg = Release|Any CPU
		{C6CB229B-3B2E-4765-8EF6-A0A335B2667F}.Release|Any CPU.Build.0 = Release|Any CPU
		{6D2EFBFC-4C86-40E0-96CA-303FA5DC140C}.Debug|Any CPU.ActiveCfg = Debug|Any CPU
		{6D2EFBFC-4C86-40E0-96CA-303FA5DC140C}.Debug|Any CPU.Build.0 = Debug|Any CPU
		{6D2EFBFC-4C86-40E0-96CA-303FA5DC140C}.Release|Any CPU.ActiveCfg = Release|Any CPU
		{6D2EFBFC-4C86-40E0-96CA-303FA5DC140C}.Release|Any CPU.Build.0 = Release|Any CPU
	EndGlobalSection
	GlobalSection(SolutionProperties) = preSolution
		HideSolutionNode = FALSE
	EndGlobalSection
	GlobalSection(ExtensibilityGlobals) = postSolution
		SolutionGuid = {345DCC24-4744-4920-B28E-FE075F0997CF}
	EndGlobalSection
EndGlobal
