
Microsoft Visual Studio Solution File, Format Version 12.00
# Visual Studio Version 17
VisualStudioVersion = 17.3.32819.101
MinimumVisualStudioVersion = 10.0.40219.1
Project("{9A19103F-16F7-4668-BE54-9A1E7A4F7556}") = "Clase02", "Clase02.csproj", "{9C4AD693-724E-4DA9-889A-C6A32EA68214}"
EndProject
Project("{9A19103F-16F7-4668-BE54-9A1E7A4F7556}") = "Ej01Clases", "..\Ej01Clases\Ej01Clases.csproj", "{D4EAEADC-91E2-4794-942A-45ED71B7003A}"
EndProject
Project("{9A19103F-16F7-4668-BE54-9A1E7A4F7556}") = "Ej02Clases", "..\Ej02Clases\Ej02Clases.csproj", "{B38B0F9A-CFF2-4056-8673-043E8AEDCFD9}"
EndProject
Project("{FAE04EC0-301F-11D3-BF4B-00C04F79EFBC}") = "Ej03Clases", "..\Ej03Clases\Ej03Clases.csproj", "{2B5A0F33-ED5F-4E8E-B9A6-1D19B96E41B6}"
EndProject
Project("{FAE04EC0-301F-11D3-BF4B-00C04F79EFBC}") = "Ej04Clases", "..\Ej04Clases\Ej04Clases.csproj", "{0796F1D6-AC6A-443A-BB98-0ACCD5AE908B}"
EndProject
Project("{FAE04EC0-301F-11D3-BF4B-00C04F79EFBC}") = "Ej05Clases", "..\Ej05Clases\Ej05Clases.csproj", "{4A060E98-782E-4423-8E32-97CDCEBD84A4}"
EndProject
Global
	GlobalSection(SolutionConfigurationPlatforms) = preSolution
		Debug|Any CPU = Debug|Any CPU
		Release|Any CPU = Release|Any CPU
	EndGlobalSection
	GlobalSection(ProjectConfigurationPlatforms) = postSolution
		{9C4AD693-724E-4DA9-889A-C6A32EA68214}.Debug|Any CPU.ActiveCfg = Debug|Any CPU
		{9C4AD693-724E-4DA9-889A-C6A32EA68214}.Debug|Any CPU.Build.0 = Debug|Any CPU
		{9C4AD693-724E-4DA9-889A-C6A32EA68214}.Release|Any CPU.ActiveCfg = Release|Any CPU
		{9C4AD693-724E-4DA9-889A-C6A32EA68214}.Release|Any CPU.Build.0 = Release|Any CPU
		{D4EAEADC-91E2-4794-942A-45ED71B7003A}.Debug|Any CPU.ActiveCfg = Debug|Any CPU
		{D4EAEADC-91E2-4794-942A-45ED71B7003A}.Debug|Any CPU.Build.0 = Debug|Any CPU
		{D4EAEADC-91E2-4794-942A-45ED71B7003A}.Release|Any CPU.ActiveCfg = Release|Any CPU
		{D4EAEADC-91E2-4794-942A-45ED71B7003A}.Release|Any CPU.Build.0 = Release|Any CPU
		{B38B0F9A-CFF2-4056-8673-043E8AEDCFD9}.Debug|Any CPU.ActiveCfg = Debug|Any CPU
		{B38B0F9A-CFF2-4056-8673-043E8AEDCFD9}.Debug|Any CPU.Build.0 = Debug|Any CPU
		{B38B0F9A-CFF2-4056-8673-043E8AEDCFD9}.Release|Any CPU.ActiveCfg = Release|Any CPU
		{B38B0F9A-CFF2-4056-8673-043E8AEDCFD9}.Release|Any CPU.Build.0 = Release|Any CPU
		{2B5A0F33-ED5F-4E8E-B9A6-1D19B96E41B6}.Debug|Any CPU.ActiveCfg = Debug|Any CPU
		{2B5A0F33-ED5F-4E8E-B9A6-1D19B96E41B6}.Debug|Any CPU.Build.0 = Debug|Any CPU
		{2B5A0F33-ED5F-4E8E-B9A6-1D19B96E41B6}.Release|Any CPU.ActiveCfg = Release|Any CPU
		{2B5A0F33-ED5F-4E8E-B9A6-1D19B96E41B6}.Release|Any CPU.Build.0 = Release|Any CPU
		{0796F1D6-AC6A-443A-BB98-0ACCD5AE908B}.Debug|Any CPU.ActiveCfg = Debug|Any CPU
		{0796F1D6-AC6A-443A-BB98-0ACCD5AE908B}.Debug|Any CPU.Build.0 = Debug|Any CPU
		{0796F1D6-AC6A-443A-BB98-0ACCD5AE908B}.Release|Any CPU.ActiveCfg = Release|Any CPU
		{0796F1D6-AC6A-443A-BB98-0ACCD5AE908B}.Release|Any CPU.Build.0 = Release|Any CPU
		{4A060E98-782E-4423-8E32-97CDCEBD84A4}.Debug|Any CPU.ActiveCfg = Debug|Any CPU
		{4A060E98-782E-4423-8E32-97CDCEBD84A4}.Debug|Any CPU.Build.0 = Debug|Any CPU
		{4A060E98-782E-4423-8E32-97CDCEBD84A4}.Release|Any CPU.ActiveCfg = Release|Any CPU
		{4A060E98-782E-4423-8E32-97CDCEBD84A4}.Release|Any CPU.Build.0 = Release|Any CPU
	EndGlobalSection
	GlobalSection(SolutionProperties) = preSolution
		HideSolutionNode = FALSE
	EndGlobalSection
	GlobalSection(ExtensibilityGlobals) = postSolution
		SolutionGuid = {35200D74-4D8D-4ADD-9486-40268CD285DB}
	EndGlobalSection
EndGlobal
