
Microsoft Visual Studio Solution File, Format Version 12.00
# Visual Studio Version 17
VisualStudioVersion = 17.3.32819.101
MinimumVisualStudioVersion = 10.0.40219.1
Project("{9A19103F-16F7-4668-BE54-9A1E7A4F7556}") = "Clase03", "Clase03.csproj", "{373BD37D-805B-4D5B-8D00-7F60A872F3D9}"
EndProject
Project("{9A19103F-16F7-4668-BE54-9A1E7A4F7556}") = "Entidades", "..\Entidades\Entidades.csproj", "{33EBFFDF-1311-474D-82C2-4CBD2DB0BFB6}"
EndProject
Project("{9A19103F-16F7-4668-BE54-9A1E7A4F7556}") = "POOEj01", "..\POOEj01\POOEj01.csproj", "{D7F1AC45-06CB-4D7C-A51E-501353A2236B}"
EndProject
Project("{9A19103F-16F7-4668-BE54-9A1E7A4F7556}") = "POOEj02", "..\POOEj02\POOEj02.csproj", "{583967CA-DDC1-4335-82CA-F289CA439467}"
EndProject
Project("{9A19103F-16F7-4668-BE54-9A1E7A4F7556}") = "POOEJ03", "..\POOEJ03\POOEJ03.csproj", "{550479D2-50D3-4A8D-8322-34444EE12330}"
EndProject
Project("{9A19103F-16F7-4668-BE54-9A1E7A4F7556}") = "POOEJ04", "..\POOEJ04\POOEJ04.csproj", "{D646DE7E-0499-402D-87D3-4FDBB34E22B8}"
EndProject
Project("{9A19103F-16F7-4668-BE54-9A1E7A4F7556}") = "POOEJ05", "..\POOEJ05\POOEJ05.csproj", "{4FE0BC90-A9E2-4DCC-BB88-72D48B2D57C3}"
EndProject
Project("{9A19103F-16F7-4668-BE54-9A1E7A4F7556}") = "POOEJA01", "..\POOEJA01\POOEJA01.csproj", "{51E28787-C13B-4C1F-BA79-40051B363368}"
EndProject
Project("{FAE04EC0-301F-11D3-BF4B-00C04F79EFBC}") = "POOEJA02", "..\POOEJA02\POOEJA02.csproj", "{BF682746-5C42-4A8E-943D-2969F14BB577}"
EndProject
Global
	GlobalSection(SolutionConfigurationPlatforms) = preSolution
		Debug|Any CPU = Debug|Any CPU
		Release|Any CPU = Release|Any CPU
	EndGlobalSection
	GlobalSection(ProjectConfigurationPlatforms) = postSolution
		{373BD37D-805B-4D5B-8D00-7F60A872F3D9}.Debug|Any CPU.ActiveCfg = Debug|Any CPU
		{373BD37D-805B-4D5B-8D00-7F60A872F3D9}.Debug|Any CPU.Build.0 = Debug|Any CPU
		{373BD37D-805B-4D5B-8D00-7F60A872F3D9}.Release|Any CPU.ActiveCfg = Release|Any CPU
		{373BD37D-805B-4D5B-8D00-7F60A872F3D9}.Release|Any CPU.Build.0 = Release|Any CPU
		{33EBFFDF-1311-474D-82C2-4CBD2DB0BFB6}.Debug|Any CPU.ActiveCfg = Debug|Any CPU
		{33EBFFDF-1311-474D-82C2-4CBD2DB0BFB6}.Debug|Any CPU.Build.0 = Debug|Any CPU
		{33EBFFDF-1311-474D-82C2-4CBD2DB0BFB6}.Release|Any CPU.ActiveCfg = Release|Any CPU
		{33EBFFDF-1311-474D-82C2-4CBD2DB0BFB6}.Release|Any CPU.Build.0 = Release|Any CPU
		{D7F1AC45-06CB-4D7C-A51E-501353A2236B}.Debug|Any CPU.ActiveCfg = Debug|Any CPU
		{D7F1AC45-06CB-4D7C-A51E-501353A2236B}.Debug|Any CPU.Build.0 = Debug|Any CPU
		{D7F1AC45-06CB-4D7C-A51E-501353A2236B}.Release|Any CPU.ActiveCfg = Release|Any CPU
		{D7F1AC45-06CB-4D7C-A51E-501353A2236B}.Release|Any CPU.Build.0 = Release|Any CPU
		{583967CA-DDC1-4335-82CA-F289CA439467}.Debug|Any CPU.ActiveCfg = Debug|Any CPU
		{583967CA-DDC1-4335-82CA-F289CA439467}.Debug|Any CPU.Build.0 = Debug|Any CPU
		{583967CA-DDC1-4335-82CA-F289CA439467}.Release|Any CPU.ActiveCfg = Release|Any CPU
		{583967CA-DDC1-4335-82CA-F289CA439467}.Release|Any CPU.Build.0 = Release|Any CPU
		{550479D2-50D3-4A8D-8322-34444EE12330}.Debug|Any CPU.ActiveCfg = Debug|Any CPU
		{550479D2-50D3-4A8D-8322-34444EE12330}.Debug|Any CPU.Build.0 = Debug|Any CPU
		{550479D2-50D3-4A8D-8322-34444EE12330}.Release|Any CPU.ActiveCfg = Release|Any CPU
		{550479D2-50D3-4A8D-8322-34444EE12330}.Release|Any CPU.Build.0 = Release|Any CPU
		{D646DE7E-0499-402D-87D3-4FDBB34E22B8}.Debug|Any CPU.ActiveCfg = Debug|Any CPU
		{D646DE7E-0499-402D-87D3-4FDBB34E22B8}.Debug|Any CPU.Build.0 = Debug|Any CPU
		{D646DE7E-0499-402D-87D3-4FDBB34E22B8}.Release|Any CPU.ActiveCfg = Release|Any CPU
		{D646DE7E-0499-402D-87D3-4FDBB34E22B8}.Release|Any CPU.Build.0 = Release|Any CPU
		{4FE0BC90-A9E2-4DCC-BB88-72D48B2D57C3}.Debug|Any CPU.ActiveCfg = Debug|Any CPU
		{4FE0BC90-A9E2-4DCC-BB88-72D48B2D57C3}.Debug|Any CPU.Build.0 = Debug|Any CPU
		{4FE0BC90-A9E2-4DCC-BB88-72D48B2D57C3}.Release|Any CPU.ActiveCfg = Release|Any CPU
		{4FE0BC90-A9E2-4DCC-BB88-72D48B2D57C3}.Release|Any CPU.Build.0 = Release|Any CPU
		{51E28787-C13B-4C1F-BA79-40051B363368}.Debug|Any CPU.ActiveCfg = Debug|Any CPU
		{51E28787-C13B-4C1F-BA79-40051B363368}.Debug|Any CPU.Build.0 = Debug|Any CPU
		{51E28787-C13B-4C1F-BA79-40051B363368}.Release|Any CPU.ActiveCfg = Release|Any CPU
		{51E28787-C13B-4C1F-BA79-40051B363368}.Release|Any CPU.Build.0 = Release|Any CPU
		{BF682746-5C42-4A8E-943D-2969F14BB577}.Debug|Any CPU.ActiveCfg = Debug|Any CPU
		{BF682746-5C42-4A8E-943D-2969F14BB577}.Debug|Any CPU.Build.0 = Debug|Any CPU
		{BF682746-5C42-4A8E-943D-2969F14BB577}.Release|Any CPU.ActiveCfg = Release|Any CPU
		{BF682746-5C42-4A8E-943D-2969F14BB577}.Release|Any CPU.Build.0 = Release|Any CPU
	EndGlobalSection
	GlobalSection(SolutionProperties) = preSolution
		HideSolutionNode = FALSE
	EndGlobalSection
	GlobalSection(ExtensibilityGlobals) = postSolution
		SolutionGuid = {6EB0EEA5-F937-474A-991D-EFDCEC204A31}
	EndGlobalSection
EndGlobal
