
Microsoft Visual Studio Solution File, Format Version 12.00
# Visual Studio Version 17
VisualStudioVersion = 17.3.32819.101
MinimumVisualStudioVersion = 10.0.40219.1
Project("{9A19103F-16F7-4668-BE54-9A1E7A4F7556}") = "Clase05WinForm", "Clase05WinForm.csproj", "{AA79F9F9-3618-4399-BCFE-88C25DBE715B}"
EndProject
Project("{9A19103F-16F7-4668-BE54-9A1E7A4F7556}") = "Vistas", "..\Vistas\Vistas.csproj", "{0D38F947-A064-49BD-9589-538BBDD392B6}"
EndProject
Project("{9A19103F-16F7-4668-BE54-9A1E7A4F7556}") = "WinFormsI01", "..\WinFormsI01\WinFormsI01.csproj", "{29A1571C-D84E-4318-8FA0-07957A4E4770}"
EndProject
Project("{9A19103F-16F7-4668-BE54-9A1E7A4F7556}") = "WinFormsI02", "..\WinFormsI02\WinFormsI02.csproj", "{8F63D016-AB7D-428B-B5F0-16AD8B6EB7B6}"
EndProject
Project("{FAE04EC0-301F-11D3-BF4B-00C04F79EFBC}") = "WinFormsC03", "..\WinFormsC03\WinFormsC03.csproj", "{10195425-3829-469A-8BE1-787C1233247B}"
EndProject
Global
	GlobalSection(SolutionConfigurationPlatforms) = preSolution
		Debug|Any CPU = Debug|Any CPU
		Release|Any CPU = Release|Any CPU
	EndGlobalSection
	GlobalSection(ProjectConfigurationPlatforms) = postSolution
		{AA79F9F9-3618-4399-BCFE-88C25DBE715B}.Debug|Any CPU.ActiveCfg = Debug|Any CPU
		{AA79F9F9-3618-4399-BCFE-88C25DBE715B}.Debug|Any CPU.Build.0 = Debug|Any CPU
		{AA79F9F9-3618-4399-BCFE-88C25DBE715B}.Release|Any CPU.ActiveCfg = Release|Any CPU
		{AA79F9F9-3618-4399-BCFE-88C25DBE715B}.Release|Any CPU.Build.0 = Release|Any CPU
		{0D38F947-A064-49BD-9589-538BBDD392B6}.Debug|Any CPU.ActiveCfg = Debug|Any CPU
		{0D38F947-A064-49BD-9589-538BBDD392B6}.Debug|Any CPU.Build.0 = Debug|Any CPU
		{0D38F947-A064-49BD-9589-538BBDD392B6}.Release|Any CPU.ActiveCfg = Release|Any CPU
		{0D38F947-A064-49BD-9589-538BBDD392B6}.Release|Any CPU.Build.0 = Release|Any CPU
		{29A1571C-D84E-4318-8FA0-07957A4E4770}.Debug|Any CPU.ActiveCfg = Debug|Any CPU
		{29A1571C-D84E-4318-8FA0-07957A4E4770}.Debug|Any CPU.Build.0 = Debug|Any CPU
		{29A1571C-D84E-4318-8FA0-07957A4E4770}.Release|Any CPU.ActiveCfg = Release|Any CPU
		{29A1571C-D84E-4318-8FA0-07957A4E4770}.Release|Any CPU.Build.0 = Release|Any CPU
		{8F63D016-AB7D-428B-B5F0-16AD8B6EB7B6}.Debug|Any CPU.ActiveCfg = Debug|Any CPU
		{8F63D016-AB7D-428B-B5F0-16AD8B6EB7B6}.Debug|Any CPU.Build.0 = Debug|Any CPU
		{8F63D016-AB7D-428B-B5F0-16AD8B6EB7B6}.Release|Any CPU.ActiveCfg = Release|Any CPU
		{8F63D016-AB7D-428B-B5F0-16AD8B6EB7B6}.Release|Any CPU.Build.0 = Release|Any CPU
		{10195425-3829-469A-8BE1-787C1233247B}.Debug|Any CPU.ActiveCfg = Debug|Any CPU
		{10195425-3829-469A-8BE1-787C1233247B}.Debug|Any CPU.Build.0 = Debug|Any CPU
		{10195425-3829-469A-8BE1-787C1233247B}.Release|Any CPU.ActiveCfg = Release|Any CPU
		{10195425-3829-469A-8BE1-787C1233247B}.Release|Any CPU.Build.0 = Release|Any CPU
	EndGlobalSection
	GlobalSection(SolutionProperties) = preSolution
		HideSolutionNode = FALSE
	EndGlobalSection
	GlobalSection(ExtensibilityGlobals) = postSolution
		SolutionGuid = {3A98C27C-19D8-4797-8FFD-3156AFBD0985}
	EndGlobalSection
EndGlobal
