
Microsoft Visual Studio Solution File, Format Version 12.00
# Visual Studio Version 17
VisualStudioVersion = 17.3.32819.101
MinimumVisualStudioVersion = 10.0.40219.1
Project("{9A19103F-16F7-4668-BE54-9A1E7A4F7556}") = "Encapsulamiento", "Encapsulamiento.csproj", "{7987A58B-FD0C-4D44-98DB-480056CC7783}"
EndProject
Project("{FAE04EC0-301F-11D3-BF4B-00C04F79EFBC}") = "I01PuestoDeAtencion", "..\I01PuestoDeAtencion\I01PuestoDeAtencion.csproj", "{A38FF367-CE82-409A-8C71-CAF80F3808BE}"
EndProject
Global
	GlobalSection(SolutionConfigurationPlatforms) = preSolution
		Debug|Any CPU = Debug|Any CPU
		Release|Any CPU = Release|Any CPU
	EndGlobalSection
	GlobalSection(ProjectConfigurationPlatforms) = postSolution
		{7987A58B-FD0C-4D44-98DB-480056CC7783}.Debug|Any CPU.ActiveCfg = Debug|Any CPU
		{7987A58B-FD0C-4D44-98DB-480056CC7783}.Debug|Any CPU.Build.0 = Debug|Any CPU
		{7987A58B-FD0C-4D44-98DB-480056CC7783}.Release|Any CPU.ActiveCfg = Release|Any CPU
		{7987A58B-FD0C-4D44-98DB-480056CC7783}.Release|Any CPU.Build.0 = Release|Any CPU
		{A38FF367-CE82-409A-8C71-CAF80F3808BE}.Debug|Any CPU.ActiveCfg = Debug|Any CPU
		{A38FF367-CE82-409A-8C71-CAF80F3808BE}.Debug|Any CPU.Build.0 = Debug|Any CPU
		{A38FF367-CE82-409A-8C71-CAF80F3808BE}.Release|Any CPU.ActiveCfg = Release|Any CPU
		{A38FF367-CE82-409A-8C71-CAF80F3808BE}.Release|Any CPU.Build.0 = Release|Any CPU
	EndGlobalSection
	GlobalSection(SolutionProperties) = preSolution
		HideSolutionNode = FALSE
	EndGlobalSection
	GlobalSection(ExtensibilityGlobals) = postSolution
		SolutionGuid = {E7F6FC22-F5F9-45F0-AADD-330B6DB75D32}
	EndGlobalSection
EndGlobal
